
Microsoft Visual Studio Solution File, Format Version 12.00
Project("{FAE04EC0-301F-11D3-BF4B-00C04F79EFBC}") = "BlackJack", "BlackJack\BlackJack.csproj", "{680BA12B-BB04-43C7-82AE-D9DF60A63D57}"
EndProject
Global
	GlobalSection(SolutionConfigurationPlatforms) = preSolution
		Debug|Any CPU = Debug|Any CPU
		Release|Any CPU = Release|Any CPU
	EndGlobalSection
	GlobalSection(ProjectConfigurationPlatforms) = postSolution
		{680BA12B-BB04-43C7-82AE-D9DF60A63D57}.Debug|Any CPU.ActiveCfg = Debug|Any CPU
		{680BA12B-BB04-43C7-82AE-D9DF60A63D57}.Debug|Any CPU.Build.0 = Debug|Any CPU
		{680BA12B-BB04-43C7-82AE-D9DF60A63D57}.Release|Any CPU.ActiveCfg = Release|Any CPU
		{680BA12B-BB04-43C7-82AE-D9DF60A63D57}.Release|Any CPU.Build.0 = Release|Any CPU
	EndGlobalSection
EndGlobal
